
Microsoft Visual Studio Solution File, Format Version 12.00
# Visual Studio 15
VisualStudioVersion = 15.0.26730.15
MinimumVisualStudioVersion = 10.0.40219.1
Project("{FAE04EC0-301F-11D3-BF4B-00C04F79EFBC}") = "AndroidWidgetDemo", "AndroidWidgetDemo\AndroidWidgetDemo.csproj", "{55F79151-263E-4054-850E-A78288003E7B}"
EndProject
Global
	GlobalSection(SolutionConfigurationPlatforms) = preSolution
		Debug|Any CPU = Debug|Any CPU
		Release|Any CPU = Release|Any CPU
	EndGlobalSection
	GlobalSection(ProjectConfigurationPlatforms) = postSolution
		{55F79151-263E-4054-850E-A78288003E7B}.Debug|Any CPU.ActiveCfg = Debug|Any CPU
		{55F79151-263E-4054-850E-A78288003E7B}.Debug|Any CPU.Build.0 = Debug|Any CPU
		{55F79151-263E-4054-850E-A78288003E7B}.Debug|Any CPU.Deploy.0 = Debug|Any CPU
		{55F79151-263E-4054-850E-A78288003E7B}.Release|Any CPU.ActiveCfg = Release|Any CPU
		{55F79151-263E-4054-850E-A78288003E7B}.Release|Any CPU.Build.0 = Release|Any CPU
		{55F79151-263E-4054-850E-A78288003E7B}.Release|Any CPU.Deploy.0 = Release|Any CPU
	EndGlobalSection
	GlobalSection(SolutionProperties) = preSolution
		HideSolutionNode = FALSE
	EndGlobalSection
	GlobalSection(ExtensibilityGlobals) = postSolution
		SolutionGuid = {CD16C165-0C43-4571-A1E0-8AF3C0FC66EA}
	EndGlobalSection
EndGlobal
